
Microsoft Visual Studio Solution File, Format Version 12.00
# Visual Studio Version 17
VisualStudioVersion = 17.4.33205.214
MinimumVisualStudioVersion = 10.0.40219.1
Project("{FAE04EC0-301F-11D3-BF4B-00C04F79EFBC}") = "DpsDeviceRegistration", "DpsDeviceRegistration\DpsDeviceRegistration.csproj", "{0E797AD7-6DE2-43A9-9ED8-053B0D7FFDC7}"
EndProject
Global
	GlobalSection(SolutionConfigurationPlatforms) = preSolution
		Debug|Any CPU = Debug|Any CPU
		Release|Any CPU = Release|Any CPU
	EndGlobalSection
	GlobalSection(ProjectConfigurationPlatforms) = postSolution
		{0E797AD7-6DE2-43A9-9ED8-053B0D7FFDC7}.Debug|Any CPU.ActiveCfg = Debug|Any CPU
		{0E797AD7-6DE2-43A9-9ED8-053B0D7FFDC7}.Debug|Any CPU.Build.0 = Debug|Any CPU
		{0E797AD7-6DE2-43A9-9ED8-053B0D7FFDC7}.Release|Any CPU.ActiveCfg = Release|Any CPU
		{0E797AD7-6DE2-43A9-9ED8-053B0D7FFDC7}.Release|Any CPU.Build.0 = Release|Any CPU
	EndGlobalSection
	GlobalSection(SolutionProperties) = preSolution
		HideSolutionNode = FALSE
	EndGlobalSection
	GlobalSection(ExtensibilityGlobals) = postSolution
		SolutionGuid = {2932D967-7825-4CE8-9A0B-DF9B0DBD7080}
	EndGlobalSection
EndGlobal
